<?xml version="1.0" encoding="utf-8"?>
<Project ToolsVersion="4.0" xmlns="http://schemas.microsoft.com/developer/msbuild/2003">
  <ItemGroup>
    <Filter Include="Source Files">
      <UniqueIdentifier>{4FC737F1-C7A5-4376-A066-2A32D752A2FF}</UniqueIdentifier>
      <Extensions>cpp;c;cc;cxx;def;odl;idl;hpj;bat;asm;asmx</Extensions>
    </Filter>
    <Filter Include="Header Files">
      <UniqueIdentifier>{93995380-89BD-4b04-88EB-625FBE52EBFB}</UniqueIdentifier>
      <Extensions>h;hpp;hxx;hm;inl;inc;xsd</Extensions>
    </Filter>
    <Filter Include="Resource Files">
      <UniqueIdentifier>{67DA6AB6-F800-4c08-8B7A-83BB121AAD01}</UniqueIdentifier>
      <Extensions>rc;ico;cur;bmp;dlg;rc2;rct;bin;rgs;gif;jpg;jpeg;jpe;resx;tiff;tif;png;wav;mfcribbon-ms</Extensions>
    </Filter>
    <Filter Include="Driver Files">
      <UniqueIdentifier>{8E41214B-6785-4CFE-B992-037D68949A14}</UniqueIdentifier>
      <Extensions>inf;inv;inx;mof;mc;</Extensions>
    </Filter>
    <Filter Include="Header Files\InfinityHook">
      <UniqueIdentifier>{f6d178b4-f690-4648-a94d-83549d334853}</UniqueIdentifier>
    </Filter>
    <Filter Include="Source Files\InfinityHook">
      <UniqueIdentifier>{ea8a0907-606f-4ad6-85f8-346c6ed3382a}</UniqueIdentifier>
    </Filter>
  </ItemGroup>
  <ItemGroup>
    <Inf Include="Test2.inf">
      <Filter>Driver Files</Filter>
    </Inf>
  </ItemGroup>
  <ItemGroup>
    <ClInclude Include="InfinityHook\img.h">
      <Filter>Header Files\InfinityHook</Filter>
    </ClInclude>
    <ClInclude Include="InfinityHook\infinityhook.h">
      <Filter>Header Files\InfinityHook</Filter>
    </ClInclude>
    <ClInclude Include="InfinityHook\mm.h">
      <Filter>Header Files\InfinityHook</Filter>
    </ClInclude>
    <ClInclude Include="InfinityHook\ntint.h">
      <Filter>Header Files\InfinityHook</Filter>
    </ClInclude>
    <ClInclude Include="InfinityHook\stdafx.h">
      <Filter>Header Files\InfinityHook</Filter>
    </ClInclude>
    <ClInclude Include="InfinityHook\hde\hde64.h">
      <Filter>Header Files\InfinityHook</Filter>
    </ClInclude>
    <ClInclude Include="InfinityHook\hde\pstdint.h">
      <Filter>Header Files\InfinityHook</Filter>
    </ClInclude>
    <ClInclude Include="InfinityHook\hde\table64.h">
      <Filter>Header Files\InfinityHook</Filter>
    </ClInclude>
    <ClInclude Include="helpers.h">
      <Filter>Header Files</Filter>
    </ClInclude>
    <ClInclude Include="main.h">
      <Filter>Header Files</Filter>
    </ClInclude>
  </ItemGroup>
  <ItemGroup>
    <ClCompile Include="InfinityHook\hde\hde64.cpp">
      <Filter>Source Files\InfinityHook</Filter>
    </ClCompile>
    <ClCompile Include="InfinityHook\img.cpp">
      <Filter>Source Files\InfinityHook</Filter>
    </ClCompile>
    <ClCompile Include="InfinityHook\infinityhook.cpp">
      <Filter>Source Files\InfinityHook</Filter>
    </ClCompile>
    <ClCompile Include="InfinityHook\mm.cpp">
      <Filter>Source Files\InfinityHook</Filter>
    </ClCompile>
    <ClCompile Include="InfinityHook\stdafx.cpp">
      <Filter>Source Files\InfinityHook</Filter>
    </ClCompile>
    <ClCompile Include="main.cpp">
      <Filter>Source Files</Filter>
    </ClCompile>
  </ItemGroup>
</Project>