
Microsoft Visual Studio Solution File, Format Version 12.00
# Visual Studio 15
VisualStudioVersion = 15.0.28307.757
MinimumVisualStudioVersion = 10.0.40219.1
Project("{8BC9CEB8-8B4A-11D0-8D11-00A0C91BC942}") = "Test2", "Test2\Test2.vcxproj", "{B827C948-BBE7-4414-B550-F5A3A1BC61CE}"
EndProject
Global
	GlobalSection(SolutionConfigurationPlatforms) = preSolution
		Debug|ARM = Debug|ARM
		Debug|ARM64 = Debug|ARM64
		Debug|x64 = Debug|x64
		Debug|x86 = Debug|x86
		Release|ARM = Release|ARM
		Release|ARM64 = Release|ARM64
		Release|x64 = Release|x64
		Release|x86 = Release|x86
	EndGlobalSection
	GlobalSection(ProjectConfigurationPlatforms) = postSolution
		{B827C948-BBE7-4414-B550-F5A3A1BC61CE}.Debug|ARM.ActiveCfg = Debug|ARM
		{B827C948-BBE7-4414-B550-F5A3A1BC61CE}.Debug|ARM.Build.0 = Debug|ARM
		{B827C948-BBE7-4414-B550-F5A3A1BC61CE}.Debug|ARM.Deploy.0 = Debug|ARM
		{B827C948-BBE7-4414-B550-F5A3A1BC61CE}.Debug|ARM64.ActiveCfg = Debug|ARM64
		{B827C948-BBE7-4414-B550-F5A3A1BC61CE}.Debug|ARM64.Build.0 = Debug|ARM64
		{B827C948-BBE7-4414-B550-F5A3A1BC61CE}.Debug|ARM64.Deploy.0 = Debug|ARM64
		{B827C948-BBE7-4414-B550-F5A3A1BC61CE}.Debug|x64.ActiveCfg = Debug|x64
		{B827C948-BBE7-4414-B550-F5A3A1BC61CE}.Debug|x64.Build.0 = Debug|x64
		{B827C948-BBE7-4414-B550-F5A3A1BC61CE}.Debug|x64.Deploy.0 = Debug|x64
		{B827C948-BBE7-4414-B550-F5A3A1BC61CE}.Debug|x86.ActiveCfg = Debug|Win32
		{B827C948-BBE7-4414-B550-F5A3A1BC61CE}.Debug|x86.Build.0 = Debug|Win32
		{B827C948-BBE7-4414-B550-F5A3A1BC61CE}.Debug|x86.Deploy.0 = Debug|Win32
		{B827C948-BBE7-4414-B550-F5A3A1BC61CE}.Release|ARM.ActiveCfg = Release|ARM
		{B827C948-BBE7-4414-B550-F5A3A1BC61CE}.Release|ARM.Build.0 = Release|ARM
		{B827C948-BBE7-4414-B550-F5A3A1BC61CE}.Release|ARM.Deploy.0 = Release|ARM
		{B827C948-BBE7-4414-B550-F5A3A1BC61CE}.Release|ARM64.ActiveCfg = Release|ARM64
		{B827C948-BBE7-4414-B550-F5A3A1BC61CE}.Release|ARM64.Build.0 = Release|ARM64
		{B827C948-BBE7-4414-B550-F5A3A1BC61CE}.Release|ARM64.Deploy.0 = Release|ARM64
		{B827C948-BBE7-4414-B550-F5A3A1BC61CE}.Release|x64.ActiveCfg = Release|x64
		{B827C948-BBE7-4414-B550-F5A3A1BC61CE}.Release|x64.Build.0 = Release|x64
		{B827C948-BBE7-4414-B550-F5A3A1BC61CE}.Release|x64.Deploy.0 = Release|x64
		{B827C948-BBE7-4414-B550-F5A3A1BC61CE}.Release|x86.ActiveCfg = Release|Win32
		{B827C948-BBE7-4414-B550-F5A3A1BC61CE}.Release|x86.Build.0 = Release|Win32
		{B827C948-BBE7-4414-B550-F5A3A1BC61CE}.Release|x86.Deploy.0 = Release|Win32
	EndGlobalSection
	GlobalSection(SolutionProperties) = preSolution
		HideSolutionNode = FALSE
	EndGlobalSection
	GlobalSection(ExtensibilityGlobals) = postSolution
		SolutionGuid = {9A6A7730-0DA3-402D-B507-90E2F8FD7D7D}
	EndGlobalSection
EndGlobal
